
Microsoft Visual Studio Solution File, Format Version 12.00
# Visual Studio Version 17
VisualStudioVersion = 17.4.33205.214
MinimumVisualStudioVersion = 10.0.40219.1
Project("{FAE04EC0-301F-11D3-BF4B-00C04F79EFBC}") = "SchoolSystem", "SchoolSystem\SchoolSystem.csproj", "{01B333F5-A294-43EC-80B1-FEBF6BB8BF74}"
EndProject
Global
	GlobalSection(SolutionConfigurationPlatforms) = preSolution
		Debug|Any CPU = Debug|Any CPU
		Release|Any CPU = Release|Any CPU
	EndGlobalSection
	GlobalSection(ProjectConfigurationPlatforms) = postSolution
		{01B333F5-A294-43EC-80B1-FEBF6BB8BF74}.Debug|Any CPU.ActiveCfg = Debug|Any CPU
		{01B333F5-A294-43EC-80B1-FEBF6BB8BF74}.Debug|Any CPU.Build.0 = Debug|Any CPU
		{01B333F5-A294-43EC-80B1-FEBF6BB8BF74}.Release|Any CPU.ActiveCfg = Release|Any CPU
		{01B333F5-A294-43EC-80B1-FEBF6BB8BF74}.Release|Any CPU.Build.0 = Release|Any CPU
	EndGlobalSection
	GlobalSection(SolutionProperties) = preSolution
		HideSolutionNode = FALSE
	EndGlobalSection
	GlobalSection(ExtensibilityGlobals) = postSolution
		SolutionGuid = {7247068A-B23F-48F9-AC3E-D58500F809BC}
	EndGlobalSection
EndGlobal
